{
  "name": "libgit2",
  "version": "1.9.0",
  "lockfileVersion": 3,
  "requires": true,
  "packages": {
    "": {
      "name": "libgit2",
      "version": "1.9.0",
      "dependencies": {
        "libgit2": "file:"
      }
    },
    "node_modules/libgit2": {
      "resolved": "",
      "link": true
    }
  }
}
